
Microsoft Visual Studio Solution File, Format Version 12.00
# Visual Studio Version 17
VisualStudioVersion = 17.0.31903.59
MinimumVisualStudioVersion = 10.0.40219.1
Project("{FAE04EC0-301F-11D3-BF4B-00C04F79EFBC}") = "BookYourShow.Domain", "BookYourShow.Domain\BookYourShow.Domain.csproj", "{19B95620-0F7E-4331-ACBA-BEE4999B84F8}"
EndProject
Project("{FAE04EC0-301F-11D3-BF4B-00C04F79EFBC}") = "BookYourShow.Infrastructure", "BookYourShow.Infrastructure\BookYourShow.Infrastructure.csproj", "{A49315AC-F422-4A33-ACC8-304646EFD1C0}"
EndProject
Project("{FAE04EC0-301F-11D3-BF4B-00C04F79EFBC}") = "BookYourShow.Application", "BookYourShow.Application\BookYourShow.Application.csproj", "{8605B582-F400-42E6-96FB-5CA3C0FF8D79}"
EndProject
Project("{FAE04EC0-301F-11D3-BF4B-00C04F79EFBC}") = "BookYourShow.API", "BookYourShow.API\BookYourShow.API.csproj", "{9DE896FD-D53D-4CA2-B095-3589FE08A991}"
EndProject
Global
	GlobalSection(SolutionConfigurationPlatforms) = preSolution
		Debug|Any CPU = Debug|Any CPU
		Release|Any CPU = Release|Any CPU
	EndGlobalSection
	GlobalSection(SolutionProperties) = preSolution
		HideSolutionNode = FALSE
	EndGlobalSection
	GlobalSection(ProjectConfigurationPlatforms) = postSolution
		{19B95620-0F7E-4331-ACBA-BEE4999B84F8}.Debug|Any CPU.ActiveCfg = Debug|Any CPU
		{19B95620-0F7E-4331-ACBA-BEE4999B84F8}.Debug|Any CPU.Build.0 = Debug|Any CPU
		{19B95620-0F7E-4331-ACBA-BEE4999B84F8}.Release|Any CPU.ActiveCfg = Release|Any CPU
		{19B95620-0F7E-4331-ACBA-BEE4999B84F8}.Release|Any CPU.Build.0 = Release|Any CPU
		{A49315AC-F422-4A33-ACC8-304646EFD1C0}.Debug|Any CPU.ActiveCfg = Debug|Any CPU
		{A49315AC-F422-4A33-ACC8-304646EFD1C0}.Debug|Any CPU.Build.0 = Debug|Any CPU
		{A49315AC-F422-4A33-ACC8-304646EFD1C0}.Release|Any CPU.ActiveCfg = Release|Any CPU
		{A49315AC-F422-4A33-ACC8-304646EFD1C0}.Release|Any CPU.Build.0 = Release|Any CPU
		{8605B582-F400-42E6-96FB-5CA3C0FF8D79}.Debug|Any CPU.ActiveCfg = Debug|Any CPU
		{8605B582-F400-42E6-96FB-5CA3C0FF8D79}.Debug|Any CPU.Build.0 = Debug|Any CPU
		{8605B582-F400-42E6-96FB-5CA3C0FF8D79}.Release|Any CPU.ActiveCfg = Release|Any CPU
		{8605B582-F400-42E6-96FB-5CA3C0FF8D79}.Release|Any CPU.Build.0 = Release|Any CPU
		{9DE896FD-D53D-4CA2-B095-3589FE08A991}.Debug|Any CPU.ActiveCfg = Debug|Any CPU
		{9DE896FD-D53D-4CA2-B095-3589FE08A991}.Debug|Any CPU.Build.0 = Debug|Any CPU
		{9DE896FD-D53D-4CA2-B095-3589FE08A991}.Release|Any CPU.ActiveCfg = Release|Any CPU
		{9DE896FD-D53D-4CA2-B095-3589FE08A991}.Release|Any CPU.Build.0 = Release|Any CPU
	EndGlobalSection
EndGlobal
